
Microsoft Visual Studio Solution File, Format Version 12.00
# Visual Studio Version 16
VisualStudioVersion = 16.0.32106.194
MinimumVisualStudioVersion = 10.0.40219.1
Project("{FAE04EC0-301F-11D3-BF4B-00C04F79EFBC}") = "PE8Q7", "PE8Q7.csproj", "{14E3729C-3088-431A-9B73-AAFA60E9768E}"
EndProject
Global
	GlobalSection(SolutionConfigurationPlatforms) = preSolution
		Debug|Any CPU = Debug|Any CPU
		Release|Any CPU = Release|Any CPU
	EndGlobalSection
	GlobalSection(ProjectConfigurationPlatforms) = postSolution
		{14E3729C-3088-431A-9B73-AAFA60E9768E}.Debug|Any CPU.ActiveCfg = Debug|Any CPU
		{14E3729C-3088-431A-9B73-AAFA60E9768E}.Debug|Any CPU.Build.0 = Debug|Any CPU
		{14E3729C-3088-431A-9B73-AAFA60E9768E}.Release|Any CPU.ActiveCfg = Release|Any CPU
		{14E3729C-3088-431A-9B73-AAFA60E9768E}.Release|Any CPU.Build.0 = Release|Any CPU
	EndGlobalSection
	GlobalSection(SolutionProperties) = preSolution
		HideSolutionNode = FALSE
	EndGlobalSection
	GlobalSection(ExtensibilityGlobals) = postSolution
		SolutionGuid = {96778CD1-5EB7-45A3-8E28-CCF2DB5BEC8C}
	EndGlobalSection
EndGlobal
