
Microsoft Visual Studio Solution File, Format Version 12.00
# Visual Studio Version 16
VisualStudioVersion = 16.0.32106.194
MinimumVisualStudioVersion = 10.0.40219.1
Project("{FAE04EC0-301F-11D3-BF4B-00C04F79EFBC}") = "PE3_Question_5", "PE3_Question_5.csproj", "{B531372F-40C2-432B-B933-DF4F9E011537}"
EndProject
Global
	GlobalSection(SolutionConfigurationPlatforms) = preSolution
		Debug|Any CPU = Debug|Any CPU
		Release|Any CPU = Release|Any CPU
	EndGlobalSection
	GlobalSection(ProjectConfigurationPlatforms) = postSolution
		{B531372F-40C2-432B-B933-DF4F9E011537}.Debug|Any CPU.ActiveCfg = Debug|Any CPU
		{B531372F-40C2-432B-B933-DF4F9E011537}.Debug|Any CPU.Build.0 = Debug|Any CPU
		{B531372F-40C2-432B-B933-DF4F9E011537}.Release|Any CPU.ActiveCfg = Release|Any CPU
		{B531372F-40C2-432B-B933-DF4F9E011537}.Release|Any CPU.Build.0 = Release|Any CPU
	EndGlobalSection
	GlobalSection(SolutionProperties) = preSolution
		HideSolutionNode = FALSE
	EndGlobalSection
	GlobalSection(ExtensibilityGlobals) = postSolution
		SolutionGuid = {61C6DC71-F790-4297-99D3-6EB32BBFC619}
	EndGlobalSection
EndGlobal
