
Microsoft Visual Studio Solution File, Format Version 12.00
# Visual Studio Version 16
VisualStudioVersion = 16.0.32106.194
MinimumVisualStudioVersion = 10.0.40219.1
Project("{FAE04EC0-301F-11D3-BF4B-00C04F79EFBC}") = "UT1 Q1", "UT1 Q1.csproj", "{73518952-D23C-484A-A791-AA7CB962798D}"
EndProject
Global
	GlobalSection(SolutionConfigurationPlatforms) = preSolution
		Debug|Any CPU = Debug|Any CPU
		Release|Any CPU = Release|Any CPU
	EndGlobalSection
	GlobalSection(ProjectConfigurationPlatforms) = postSolution
		{73518952-D23C-484A-A791-AA7CB962798D}.Debug|Any CPU.ActiveCfg = Debug|Any CPU
		{73518952-D23C-484A-A791-AA7CB962798D}.Debug|Any CPU.Build.0 = Debug|Any CPU
		{73518952-D23C-484A-A791-AA7CB962798D}.Release|Any CPU.ActiveCfg = Release|Any CPU
		{73518952-D23C-484A-A791-AA7CB962798D}.Release|Any CPU.Build.0 = Release|Any CPU
	EndGlobalSection
	GlobalSection(SolutionProperties) = preSolution
		HideSolutionNode = FALSE
	EndGlobalSection
	GlobalSection(ExtensibilityGlobals) = postSolution
		SolutionGuid = {E7108AE4-2089-485E-A173-C3B21908EC12}
	EndGlobalSection
EndGlobal
