
Microsoft Visual Studio Solution File, Format Version 12.00
# Visual Studio Version 17
VisualStudioVersion = 17.0.32112.339
MinimumVisualStudioVersion = 10.0.40219.1
Project("{FAE04EC0-301F-11D3-BF4B-00C04F79EFBC}") = "PE20Dom", "PE20Dom\PE20Dom.csproj", "{6D17C0BA-5A9B-44BB-A500-4B30DE5FF83A}"
EndProject
Global
	GlobalSection(SolutionConfigurationPlatforms) = preSolution
		Debug|Any CPU = Debug|Any CPU
		Release|Any CPU = Release|Any CPU
	EndGlobalSection
	GlobalSection(ProjectConfigurationPlatforms) = postSolution
		{6D17C0BA-5A9B-44BB-A500-4B30DE5FF83A}.Debug|Any CPU.ActiveCfg = Debug|Any CPU
		{6D17C0BA-5A9B-44BB-A500-4B30DE5FF83A}.Debug|Any CPU.Build.0 = Debug|Any CPU
		{6D17C0BA-5A9B-44BB-A500-4B30DE5FF83A}.Release|Any CPU.ActiveCfg = Release|Any CPU
		{6D17C0BA-5A9B-44BB-A500-4B30DE5FF83A}.Release|Any CPU.Build.0 = Release|Any CPU
	EndGlobalSection
	GlobalSection(SolutionProperties) = preSolution
		HideSolutionNode = FALSE
	EndGlobalSection
	GlobalSection(ExtensibilityGlobals) = postSolution
		SolutionGuid = {60DB1729-2D56-4FC3-8A07-C6885D9BCD92}
	EndGlobalSection
EndGlobal
