
Microsoft Visual Studio Solution File, Format Version 12.00
# Visual Studio Version 16
VisualStudioVersion = 16.0.32106.194
MinimumVisualStudioVersion = 10.0.40219.1
Project("{FAE04EC0-301F-11D3-BF4B-00C04F79EFBC}") = "UT1 Q3", "UT1 Q3.csproj", "{C61EA3C9-15AD-4FF9-8BC0-55FB818CAD69}"
EndProject
Global
	GlobalSection(SolutionConfigurationPlatforms) = preSolution
		Debug|Any CPU = Debug|Any CPU
		Release|Any CPU = Release|Any CPU
	EndGlobalSection
	GlobalSection(ProjectConfigurationPlatforms) = postSolution
		{C61EA3C9-15AD-4FF9-8BC0-55FB818CAD69}.Debug|Any CPU.ActiveCfg = Debug|Any CPU
		{C61EA3C9-15AD-4FF9-8BC0-55FB818CAD69}.Debug|Any CPU.Build.0 = Debug|Any CPU
		{C61EA3C9-15AD-4FF9-8BC0-55FB818CAD69}.Release|Any CPU.ActiveCfg = Release|Any CPU
		{C61EA3C9-15AD-4FF9-8BC0-55FB818CAD69}.Release|Any CPU.Build.0 = Release|Any CPU
	EndGlobalSection
	GlobalSection(SolutionProperties) = preSolution
		HideSolutionNode = FALSE
	EndGlobalSection
	GlobalSection(ExtensibilityGlobals) = postSolution
		SolutionGuid = {BD4D93BD-70E9-4FD1-9196-D33C4BD75EE1}
	EndGlobalSection
EndGlobal
