
Microsoft Visual Studio Solution File, Format Version 12.00
# Visual Studio Version 16
VisualStudioVersion = 16.0.32106.194
MinimumVisualStudioVersion = 10.0.40219.1
Project("{FAE04EC0-301F-11D3-BF4B-00C04F79EFBC}") = "PE4Q2", "PE4Q2.csproj", "{11237965-39E0-4302-A1FA-CC5FEE5C8EEB}"
EndProject
Global
	GlobalSection(SolutionConfigurationPlatforms) = preSolution
		Debug|Any CPU = Debug|Any CPU
		Release|Any CPU = Release|Any CPU
	EndGlobalSection
	GlobalSection(ProjectConfigurationPlatforms) = postSolution
		{11237965-39E0-4302-A1FA-CC5FEE5C8EEB}.Debug|Any CPU.ActiveCfg = Debug|Any CPU
		{11237965-39E0-4302-A1FA-CC5FEE5C8EEB}.Debug|Any CPU.Build.0 = Debug|Any CPU
		{11237965-39E0-4302-A1FA-CC5FEE5C8EEB}.Release|Any CPU.ActiveCfg = Release|Any CPU
		{11237965-39E0-4302-A1FA-CC5FEE5C8EEB}.Release|Any CPU.Build.0 = Release|Any CPU
	EndGlobalSection
	GlobalSection(SolutionProperties) = preSolution
		HideSolutionNode = FALSE
	EndGlobalSection
	GlobalSection(ExtensibilityGlobals) = postSolution
		SolutionGuid = {26E7E27E-D9BC-4011-B7BB-353DCFF9A6BF}
	EndGlobalSection
EndGlobal
