
Microsoft Visual Studio Solution File, Format Version 12.00
# Visual Studio Version 16
VisualStudioVersion = 16.0.32106.194
MinimumVisualStudioVersion = 10.0.40219.1
Project("{FAE04EC0-301F-11D3-BF4B-00C04F79EFBC}") = "ConsoleApp4", "ConsoleApp4.csproj", "{7328EDB6-9C18-4F96-82FE-614513A931FA}"
EndProject
Global
	GlobalSection(SolutionConfigurationPlatforms) = preSolution
		Debug|Any CPU = Debug|Any CPU
		Release|Any CPU = Release|Any CPU
	EndGlobalSection
	GlobalSection(ProjectConfigurationPlatforms) = postSolution
		{7328EDB6-9C18-4F96-82FE-614513A931FA}.Debug|Any CPU.ActiveCfg = Debug|Any CPU
		{7328EDB6-9C18-4F96-82FE-614513A931FA}.Debug|Any CPU.Build.0 = Debug|Any CPU
		{7328EDB6-9C18-4F96-82FE-614513A931FA}.Release|Any CPU.ActiveCfg = Release|Any CPU
		{7328EDB6-9C18-4F96-82FE-614513A931FA}.Release|Any CPU.Build.0 = Release|Any CPU
	EndGlobalSection
	GlobalSection(SolutionProperties) = preSolution
		HideSolutionNode = FALSE
	EndGlobalSection
	GlobalSection(ExtensibilityGlobals) = postSolution
		SolutionGuid = {5D96D04C-8601-4D05-AA36-6AB842A268AF}
	EndGlobalSection
EndGlobal
