
Microsoft Visual Studio Solution File, Format Version 12.00
# Visual Studio Version 17
VisualStudioVersion = 17.1.32328.378
MinimumVisualStudioVersion = 10.0.40219.1
Project("{FAE04EC0-301F-11D3-BF4B-00C04F79EFBC}") = "DynamicPeople", "DynamicPeople\DynamicPeople.csproj", "{1C3E4389-188D-4667-9618-60FF1E099DDB}"
EndProject
Global
	GlobalSection(SolutionConfigurationPlatforms) = preSolution
		Debug|Any CPU = Debug|Any CPU
		Release|Any CPU = Release|Any CPU
	EndGlobalSection
	GlobalSection(ProjectConfigurationPlatforms) = postSolution
		{1C3E4389-188D-4667-9618-60FF1E099DDB}.Debug|Any CPU.ActiveCfg = Debug|Any CPU
		{1C3E4389-188D-4667-9618-60FF1E099DDB}.Debug|Any CPU.Build.0 = Debug|Any CPU
		{1C3E4389-188D-4667-9618-60FF1E099DDB}.Release|Any CPU.ActiveCfg = Release|Any CPU
		{1C3E4389-188D-4667-9618-60FF1E099DDB}.Release|Any CPU.Build.0 = Release|Any CPU
	EndGlobalSection
	GlobalSection(SolutionProperties) = preSolution
		HideSolutionNode = FALSE
	EndGlobalSection
	GlobalSection(ExtensibilityGlobals) = postSolution
		SolutionGuid = {AA7E2137-2825-432D-B3D6-A1E2D07A3DC7}
	EndGlobalSection
EndGlobal
